
Microsoft Visual Studio Solution File, Format Version 12.00
# Visual Studio Version 16
VisualStudioVersion = 16.0.31025.194
MinimumVisualStudioVersion = 10.0.40219.1
Project("{FAE04EC0-301F-11D3-BF4B-00C04F79EFBC}") = "CarSharingPortal", "CarSharingPortal\CarSharingPortal.csproj", "{F6443555-148F-4577-9B10-B0083768BE90}"
EndProject
Project("{FAE04EC0-301F-11D3-BF4B-00C04F79EFBC}") = "ShortestPathCalculator", "ShortestPathCalculator\ShortestPathCalculator.csproj", "{A9F7EBA1-B699-4FBD-B488-677276C74DA4}"
EndProject
Global
	GlobalSection(SolutionConfigurationPlatforms) = preSolution
		Debug|Any CPU = Debug|Any CPU
		Release|Any CPU = Release|Any CPU
	EndGlobalSection
	GlobalSection(ProjectConfigurationPlatforms) = postSolution
		{F6443555-148F-4577-9B10-B0083768BE90}.Debug|Any CPU.ActiveCfg = Debug|Any CPU
		{F6443555-148F-4577-9B10-B0083768BE90}.Debug|Any CPU.Build.0 = Debug|Any CPU
		{F6443555-148F-4577-9B10-B0083768BE90}.Release|Any CPU.ActiveCfg = Release|Any CPU
		{F6443555-148F-4577-9B10-B0083768BE90}.Release|Any CPU.Build.0 = Release|Any CPU
		{A9F7EBA1-B699-4FBD-B488-677276C74DA4}.Debug|Any CPU.ActiveCfg = Debug|Any CPU
		{A9F7EBA1-B699-4FBD-B488-677276C74DA4}.Debug|Any CPU.Build.0 = Debug|Any CPU
		{A9F7EBA1-B699-4FBD-B488-677276C74DA4}.Release|Any CPU.ActiveCfg = Release|Any CPU
		{A9F7EBA1-B699-4FBD-B488-677276C74DA4}.Release|Any CPU.Build.0 = Release|Any CPU
	EndGlobalSection
	GlobalSection(SolutionProperties) = preSolution
		HideSolutionNode = FALSE
	EndGlobalSection
	GlobalSection(ExtensibilityGlobals) = postSolution
		SolutionGuid = {D69500DF-732F-4525-9FFA-2E59FB7D6FC1}
	EndGlobalSection
EndGlobal
